# This file is automatically @generated by Cargo.
# It is not intended for manual editing.
version = 4

[[package]]
name = "quicsync"
version = "0.1.0"
dependencies = [
 "quicsync-core",
]

[[package]]
name = "quicsync-core"
version = "0.1.0"

[[package]]
name = "quicsyncd"
version = "0.1.0"
dependencies = [
 "quicsync-core",
]
